
Microsoft Visual Studio Solution File, Format Version 12.00
# Visual Studio Version 17
VisualStudioVersion = 17.3.32901.215
MinimumVisualStudioVersion = 10.0.40219.1
Project("{FAE04EC0-301F-11D3-BF4B-00C04F79EFBC}") = "Ariketa1", "Ariketa1\Ariketa1.csproj", "{D3D52C4F-0847-4C3E-A13A-53C7026BA7B5}"
EndProject
Global
	GlobalSection(SolutionConfigurationPlatforms) = preSolution
		Debug|Any CPU = Debug|Any CPU
		Release|Any CPU = Release|Any CPU
	EndGlobalSection
	GlobalSection(ProjectConfigurationPlatforms) = postSolution
		{D3D52C4F-0847-4C3E-A13A-53C7026BA7B5}.Debug|Any CPU.ActiveCfg = Debug|Any CPU
		{D3D52C4F-0847-4C3E-A13A-53C7026BA7B5}.Debug|Any CPU.Build.0 = Debug|Any CPU
		{D3D52C4F-0847-4C3E-A13A-53C7026BA7B5}.Release|Any CPU.ActiveCfg = Release|Any CPU
		{D3D52C4F-0847-4C3E-A13A-53C7026BA7B5}.Release|Any CPU.Build.0 = Release|Any CPU
	EndGlobalSection
	GlobalSection(SolutionProperties) = preSolution
		HideSolutionNode = FALSE
	EndGlobalSection
	GlobalSection(ExtensibilityGlobals) = postSolution
		SolutionGuid = {E04699E8-A772-49AB-941A-8A50733F2294}
	EndGlobalSection
EndGlobal
